#MicroXplorer Configuration settings - do not modify
Mcu.Family=STM32F1
RCC.PLLSourceVirtual=RCC_PLLSOURCE_HSI_DIV2
ProjectManager.MainLocation=Core/Src
CAN2.CalculateBaudRate=166666
ProjectManager.ProjectFileName=Code.ioc
USART2.IPParameters=VirtualMode
PD1-OSC_OUT.Mode=HSE-External-Oscillator
UART4.IPParameters=VirtualMode
ProjectManager.KeepUserCode=true
Mcu.UserName=STM32F105RBTx
Mcu.PinsNb=20
ProjectManager.NoMain=false
CAN2.CalculateTimeBit=6000.00
RCC.PLLCLKFreq_Value=16000000
PC10.Signal=UART4_TX
PC11.Signal=UART4_RX
CAN1.IPParameters=CalculateTimeQuantum,CalculateTimeBit,CalculateBaudRate
CAN1.CalculateBaudRate=166666
CAN2.IPParameters=CalculateTimeQuantum,CalculateTimeBit,CalculateBaudRate
ProjectManager.functionlistsort=1-MX_GPIO_Init-GPIO-false-HAL-true,2-SystemClock_Config-RCC-false-HAL-false,3-MX_CAN1_Init-CAN1-false-HAL-true,4-MX_CAN2_Init-CAN2-false-HAL-true,5-MX_UART4_Init-UART4-false-HAL-true,6-MX_USB_OTG_FS_PCD_Init-USB_OTG_FS-false-HAL-true
PC10.Mode=Asynchronous
PA11.Mode=Device_Only
ProjectManager.DefaultFWLocation=true
PD0-OSC_IN.Signal=RCC_OSC_IN
ProjectManager.DeletePrevious=true
USART1.IPParameters=VirtualMode
UART4.VirtualMode=Asynchronous
PB13.Signal=CAN2_TX
PinOutPanel.RotationAngle=0
RCC.FamilyName=M
ProjectManager.StackSize=0x400
RCC.PLLSource=RCC_PLLSOURCE_HSI_DIV2
PD1-OSC_OUT.Signal=RCC_OSC_OUT
PA13.Signal=SYS_JTMS-SWDIO
PA3.Mode=LIN
Mcu.IP4=SYS
Mcu.IP5=UART4
Mcu.IP2=NVIC
NVIC.SVCall_IRQn=true\:0\:0\:false\:false\:true\:false\:false
Mcu.IP3=RCC
Mcu.IP0=CAN1
PA9.Mode=Activate_VBUS
Mcu.IP1=CAN2
PA12.Signal=USB_OTG_FS_DP
Mcu.UserConstants=
ProjectManager.TargetToolchain=EWARM V8.32
Mcu.ThirdPartyNb=0
Mcu.IPNb=9
ProjectManager.PreviousToolchain=
PB9.Mode=CAN_Activate
PA9.Signal=USB_OTG_FS_VBUS
PB6.Signal=USART1_TX
PB6.Mode=LIN
Mcu.Pin6=PA8
Mcu.Pin7=PA9
ProjectManager.RegisterCallBack=
Mcu.Pin8=PA11
RCC.USBFreq_Value=10666666.666666666
Mcu.Pin9=PA12
Mcu.Pin0=PD0-OSC_IN
Mcu.Pin1=PD1-OSC_OUT
GPIO.groupedBy=
PD0-OSC_IN.Mode=HSE-External-Oscillator
Mcu.Pin2=PA2
Mcu.Pin3=PA3
Mcu.Pin4=PB12
Mcu.Pin5=PB13
ProjectManager.ProjectBuild=false
NVIC.UsageFault_IRQn=true\:0\:0\:false\:false\:true\:false\:false
NVIC.DebugMonitor_IRQn=true\:0\:0\:false\:false\:true\:false\:false
PB3.Mode=Trace_Asynchronous_SW
board=custom
NVIC.SysTick_IRQn=true\:0\:0\:false\:false\:true\:false\:true
ProjectManager.LastFirmware=true
ProjectManager.FirmwarePackage=STM32Cube FW_F1 V1.8.3
MxDb.Version=DB.6.0.10
ProjectManager.BackupPrevious=false
MxCube.Version=6.1.0
PA14.Mode=Trace_Asynchronous_SW
File.Version=6
VP_SYS_VS_Systick.Mode=SysTick
CAN2.CalculateTimeQuantum=2000.0
PB7.Signal=USART1_RX
PA8.Signal=USB_OTG_FS_SOF
NVIC.NonMaskableInt_IRQn=true\:0\:0\:false\:false\:true\:false\:false
NVIC.PendSV_IRQn=true\:0\:0\:false\:false\:true\:false\:false
PA13.Mode=Trace_Asynchronous_SW
ProjectManager.FreePins=false
RCC.IPParameters=FamilyName,PLLCLKFreq_Value,PLLSource,PLLSourceVirtual,TimSysFreq_Value,USBFreq_Value
ProjectManager.AskForMigrate=true
Mcu.Name=STM32F105R(8-B-C)Tx
ProjectManager.HalAssertFull=false
PA2.Signal=USART2_TX
ProjectManager.ProjectName=Code
ProjectManager.UnderRoot=false
Mcu.IP8=USB_OTG_FS
Mcu.IP6=USART1
Mcu.IP7=USART2
ProjectManager.CoupleFile=false
PB3.Signal=SYS_TRACESWO
Mcu.Package=LQFP64
PB9.Signal=CAN1_TX
RCC.TimSysFreq_Value=8000000
PB12.Mode=CAN_Activate
PA12.Mode=Device_Only
NVIC.ForceEnableDMAVector=true
KeepUserPlacement=false
USART2.VirtualMode=VM_ASYNC
NVIC.MemoryManagement_IRQn=true\:0\:0\:false\:false\:true\:false\:false
USART1.VirtualMode=VM_ASYNC
ProjectManager.CompilerOptimize=6
ProjectManager.ToolChainLocation=
VP_SYS_VS_Systick.Signal=SYS_VS_Systick
PB7.Mode=LIN
PA11.Signal=USB_OTG_FS_DM
PA14.Signal=SYS_JTCK-SWCLK
USB_OTG_FS.VirtualMode=Device_Only
ProjectManager.HeapSize=0x200
Mcu.Pin15=PB6
NVIC.HardFault_IRQn=true\:0\:0\:false\:false\:true\:false\:false
Mcu.Pin16=PB7
Mcu.Pin13=PC11
PC11.Mode=Asynchronous
Mcu.Pin14=PB3
Mcu.Pin19=VP_SYS_VS_Systick
ProjectManager.ComputerToolchain=false
Mcu.Pin17=PB8
Mcu.Pin18=PB9
NVIC.PriorityGroup=NVIC_PRIORITYGROUP_4
Mcu.Pin11=PA14
Mcu.Pin12=PC10
PB8.Mode=CAN_Activate
Mcu.Pin10=PA13
PA2.Mode=LIN
PB8.Signal=CAN1_RX
NVIC.BusFault_IRQn=true\:0\:0\:false\:false\:true\:false\:false
PA8.Mode=Activate_SOF_FS
USB_OTG_FS.IPParameters=VirtualMode
PB13.Mode=CAN_Activate
CAN1.CalculateTimeBit=6000.00
ProjectManager.CustomerFirmwarePackage=
ProjectManager.DeviceId=STM32F105RBTx
PB12.Signal=CAN2_RX
ProjectManager.LibraryCopy=0
CAN1.CalculateTimeQuantum=2000.0
PA3.Signal=USART2_RX
